github.com/danielfdickinson/hugo-debug-tables v0.0.0-20210718172730-4017bd28fc0c/go.mod h1:gGnea9OFmco9K8wky51kVs7AnXZXX63LNT0AB5zfXwI=
github.com/danielfdickinson/hugo-minimal-test v0.0.0-20210719214313-5c1c4671a2ca h1:XgeUH8vWtFRNZqADLqP9Xr9p4esrZjQV7XuX+gI1vx8=
github.com/danielfdickinson/hugo-minimal-test v0.0.0-20210719214313-5c1c4671a2ca/go.mod h1:XsKDcVgOVo+d6nGemZjpJXZqJmTizgG1pwVd2vnheuQ=
